// !$*UTF8*$!
{
	archiveVersion = 1;
	classes = {
	};
	objectVersion = 50;
	objects = {

/* Begin PBXBuildFile section */
		FA652C1D241A615F0001A3A5 /* MainViewController.swift in Sources */ = {isa = PBXBuildFile; fileRef = FA652C1C241A615F0001A3A5 /* MainViewController.swift */; };
		FAA5A8CF2481536B00541F0E /* MLModelConnector.swift in Sources */ = {isa = PBXBuildFile; fileRef = FAA5A8CE2481536B00541F0E /* MLModelConnector.swift */; };
		FAA5A8D1248154A100541F0E /* ErrorList.swift in Sources */ = {isa = PBXBuildFile; fileRef = FAA5A8D0248154A100541F0E /* ErrorList.swift */; };
		FAA5A8D3248155D800541F0E /* Resizing.swift in Sources */ = {isa = PBXBuildFile; fileRef = FAA5A8D2248155D800541F0E /* Resizing.swift */; };
		FAA5A8D524815AD600541F0E /* Model.swift in Sources */ = {isa = PBXBuildFile; fileRef = FAA5A8D424815AD600541F0E /* Model.swift */; };
		FAA5A8D724815E9500541F0E /* CoreML.swift in Sources */ = {isa = PBXBuildFile; fileRef = FAA5A8D624815E9500541F0E /* CoreML.swift */; };
		FAA5A8D92482CB1000541F0E /* ML Input + Output.swift in Sources */ = {isa = PBXBuildFile; fileRef = FAA5A8D82482CB1000541F0E /* ML Input + Output.swift */; };
		FAA5A8DB2482D04200541F0E /* Pointillism.mlmodel in Sources */ = {isa = PBXBuildFile; fileRef = FAA5A8DA2482D04200541F0E /* Pointillism.mlmodel */; };
		FAB74D5E24190237005BA19B /* AppDelegate.swift in Sources */ = {isa = PBXBuildFile; fileRef = FAB74D5D24190237005BA19B /* AppDelegate.swift */; };
		FAB74D6024190237005BA19B /* SceneDelegate.swift in Sources */ = {isa = PBXBuildFile; fileRef = FAB74D5F24190237005BA19B /* SceneDelegate.swift */; };
		FAB74D6524190237005BA19B /* Main.storyboard in Resources */ = {isa = PBXBuildFile; fileRef = FAB74D6324190237005BA19B /* Main.storyboard */; };
		FAB74D672419023A005BA19B /* Assets.xcassets in Resources */ = {isa = PBXBuildFile; fileRef = FAB74D662419023A005BA19B /* Assets.xcassets */; };
		FAB74D6A2419023A005BA19B /* LaunchScreen.storyboard in Resources */ = {isa = PBXBuildFile; fileRef = FAB74D682419023A005BA19B /* LaunchScreen.storyboard */; };
		FAFBDA502422217800C04B4C /* PhotoViewController.swift in Sources */ = {isa = PBXBuildFile; fileRef = FAFBDA4F2422217800C04B4C /* PhotoViewController.swift */; };
		FAFBDA52242372F700C04B4C /* StarryNight.mlmodel in Sources */ = {isa = PBXBuildFile; fileRef = FAFBDA51242372F700C04B4C /* StarryNight.mlmodel */; };
/* End PBXBuildFile section */

/* Begin PBXFileReference section */
		FA652C1C241A615F0001A3A5 /* MainViewController.swift */ = {isa = PBXFileReference; lastKnownFileType = sourcecode.swift; path = MainViewController.swift; sourceTree = "<group>"; };
		FAA5A8CE2481536B00541F0E /* MLModelConnector.swift */ = {isa = PBXFileReference; lastKnownFileType = sourcecode.swift; path = MLModelConnector.swift; sourceTree = "<group>"; };
		FAA5A8D0248154A100541F0E /* ErrorList.swift */ = {isa = PBXFileReference; lastKnownFileType = sourcecode.swift; path = ErrorList.swift; sourceTree = "<group>"; };
		FAA5A8D2248155D800541F0E /* Resizing.swift */ = {isa = PBXFileReference; lastKnownFileType = sourcecode.swift; path = Resizing.swift; sourceTree = "<group>"; };
		FAA5A8D424815AD600541F0E /* Model.swift */ = {isa = PBXFileReference; lastKnownFileType = sourcecode.swift; path = Model.swift; sourceTree = "<group>"; };
		FAA5A8D624815E9500541F0E /* CoreML.swift */ = {isa = PBXFileReference; lastKnownFileType = sourcecode.swift; path = CoreML.swift; sourceTree = "<group>"; };
		FAA5A8D82482CB1000541F0E /* ML Input + Output.swift */ = {isa = PBXFileReference; lastKnownFileType = sourcecode.swift; path = "ML Input + Output.swift"; sourceTree = "<group>"; };
		FAA5A8DA2482D04200541F0E /* Pointillism.mlmodel */ = {isa = PBXFileReference; lastKnownFileType = file.mlmodel; name = Pointillism.mlmodel; path = ../../../GitHub/NSTDemo/NSTDemo/Pointillism.mlmodel; sourceTree = "<group>"; };
		FAB74D5A24190237005BA19B /* OpenEyes.app */ = {isa = PBXFileReference; explicitFileType = wrapper.application; includeInIndex = 0; path = OpenEyes.app; sourceTree = BUILT_PRODUCTS_DIR; };
		FAB74D5D24190237005BA19B /* AppDelegate.swift */ = {isa = PBXFileReference; lastKnownFileType = sourcecode.swift; path = AppDelegate.swift; sourceTree = "<group>"; };
		FAB74D5F24190237005BA19B /* SceneDelegate.swift */ = {isa = PBXFileReference; lastKnownFileType = sourcecode.swift; path = SceneDelegate.swift; sourceTree = "<group>"; };
		FAB74D6424190237005BA19B /* Base */ = {isa = PBXFileReference; lastKnownFileType = file.storyboard; name = Base; path = Base.lproj/Main.storyboard; sourceTree = "<group>"; };
		FAB74D662419023A005BA19B /* Assets.xcassets */ = {isa = PBXFileReference; lastKnownFileType = folder.assetcatalog; path = Assets.xcassets; sourceTree = "<group>"; };
		FAB74D692419023A005BA19B /* Base */ = {isa = PBXFileReference; lastKnownFileType = file.storyboard; name = Base; path = Base.lproj/LaunchScreen.storyboard; sourceTree = "<group>"; };
		FAB74D6B2419023A005BA19B /* Info.plist */ = {isa = PBXFileReference; lastKnownFileType = text.plist.xml; path = Info.plist; sourceTree = "<group>"; };
		FAFBDA4F2422217800C04B4C /* PhotoViewController.swift */ = {isa = PBXFileReference; lastKnownFileType = sourcecode.swift; path = PhotoViewController.swift; sourceTree = "<group>"; };
		FAFBDA51242372F700C04B4C /* StarryNight.mlmodel */ = {isa = PBXFileReference; lastKnownFileType = file.mlmodel; name = StarryNight.mlmodel; path = ../../../../Downloads/StarryNight.mlmodel; sourceTree = "<group>"; };
/* End PBXFileReference section */

/* Begin PBXFrameworksBuildPhase section */
		FAB74D5724190237005BA19B /* Frameworks */ = {
			isa = PBXFrameworksBuildPhase;
			buildActionMask = 2147483647;
			files = (
			);
			runOnlyForDeploymentPostprocessing = 0;
		};
/* End PBXFrameworksBuildPhase section */

/* Begin PBXGroup section */
		FA652C1E241A61A30001A3A5 /* Controllers */ = {
			isa = PBXGroup;
			children = (
				FA652C1C241A615F0001A3A5 /* MainViewController.swift */,
				FAFBDA4F2422217800C04B4C /* PhotoViewController.swift */,
			);
			path = Controllers;
			sourceTree = "<group>";
		};
		FAB74D5124190237005BA19B = {
			isa = PBXGroup;
			children = (
				FAB74D5C24190237005BA19B /* OpenEyes */,
				FAB74D5B24190237005BA19B /* Products */,
			);
			sourceTree = "<group>";
		};
		FAB74D5B24190237005BA19B /* Products */ = {
			isa = PBXGroup;
			children = (
				FAB74D5A24190237005BA19B /* OpenEyes.app */,
			);
			name = Products;
			sourceTree = "<group>";
		};
		FAB74D5C24190237005BA19B /* OpenEyes */ = {
			isa = PBXGroup;
			children = (
				FAA5A8D82482CB1000541F0E /* ML Input + Output.swift */,
				FAA5A8D424815AD600541F0E /* Model.swift */,
				FAA5A8CE2481536B00541F0E /* MLModelConnector.swift */,
				FAA5A8D0248154A100541F0E /* ErrorList.swift */,
				FAA5A8D2248155D800541F0E /* Resizing.swift */,
				FAA5A8D624815E9500541F0E /* CoreML.swift */,
				FA652C1E241A61A30001A3A5 /* Controllers */,
				FAB74D5D24190237005BA19B /* AppDelegate.swift */,
				FAB74D5F24190237005BA19B /* SceneDelegate.swift */,
				FAB74D6324190237005BA19B /* Main.storyboard */,
				FAB74D662419023A005BA19B /* Assets.xcassets */,
				FAFBDA51242372F700C04B4C /* StarryNight.mlmodel */,
				FAA5A8DA2482D04200541F0E /* Pointillism.mlmodel */,
				FAB74D682419023A005BA19B /* LaunchScreen.storyboard */,
				FAB74D6B2419023A005BA19B /* Info.plist */,
			);
			path = OpenEyes;
			sourceTree = "<group>";
		};
/* End PBXGroup section */

/* Begin PBXNativeTarget section */
		FAB74D5924190237005BA19B /* OpenEyes */ = {
			isa = PBXNativeTarget;
			buildConfigurationList = FAB74D6E2419023A005BA19B /* Build configuration list for PBXNativeTarget "OpenEyes" */;
			buildPhases = (
				FAB74D5624190237005BA19B /* Sources */,
				FAB74D5724190237005BA19B /* Frameworks */,
				FAB74D5824190237005BA19B /* Resources */,
			);
			buildRules = (
			);
			dependencies = (
			);
			name = OpenEyes;
			productName = OpenEyes;
			productReference = FAB74D5A24190237005BA19B /* OpenEyes.app */;
			productType = "com.apple.product-type.application";
		};
/* End PBXNativeTarget section */

/* Begin PBXProject section */
		FAB74D5224190237005BA19B /* Project object */ = {
			isa = PBXProject;
			attributes = {
				LastSwiftUpdateCheck = 1120;
				LastUpgradeCheck = 1120;
				ORGANIZATIONNAME = "Alexandr Khrutskiy";
				TargetAttributes = {
					FAB74D5924190237005BA19B = {
						CreatedOnToolsVersion = 11.2.1;
					};
				};
			};
			buildConfigurationList = FAB74D5524190237005BA19B /* Build configuration list for PBXProject "OpenEyes" */;
			compatibilityVersion = "Xcode 9.3";
			developmentRegion = en;
			hasScannedForEncodings = 0;
			knownRegions = (
				en,
				Base,
			);
			mainGroup = FAB74D5124190237005BA19B;
			productRefGroup = FAB74D5B24190237005BA19B /* Products */;
			projectDirPath = "";
			projectRoot = "";
			targets = (
				FAB74D5924190237005BA19B /* OpenEyes */,
			);
		};
/* End PBXProject section */

/* Begin PBXResourcesBuildPhase section */
		FAB74D5824190237005BA19B /* Resources */ = {
			isa = PBXResourcesBuildPhase;
			buildActionMask = 2147483647;
			files = (
				FAB74D6A2419023A005BA19B /* LaunchScreen.storyboard in Resources */,
				FAB74D672419023A005BA19B /* Assets.xcassets in Resources */,
				FAB74D6524190237005BA19B /* Main.storyboard in Resources */,
			);
			runOnlyForDeploymentPostprocessing = 0;
		};
/* End PBXResourcesBuildPhase section */

/* Begin PBXSourcesBuildPhase section */
		FAB74D5624190237005BA19B /* Sources */ = {
			isa = PBXSourcesBuildPhase;
			buildActionMask = 2147483647;
			files = (
				FAA5A8D724815E9500541F0E /* CoreML.swift in Sources */,
				FAFBDA52242372F700C04B4C /* StarryNight.mlmodel in Sources */,
				FAA5A8D3248155D800541F0E /* Resizing.swift in Sources */,
				FAA5A8CF2481536B00541F0E /* MLModelConnector.swift in Sources */,
				FAB74D5E24190237005BA19B /* AppDelegate.swift in Sources */,
				FAA5A8D524815AD600541F0E /* Model.swift in Sources */,
				FAA5A8DB2482D04200541F0E /* Pointillism.mlmodel in Sources */,
				FAA5A8D1248154A100541F0E /* ErrorList.swift in Sources */,
				FAFBDA502422217800C04B4C /* PhotoViewController.swift in Sources */,
				FAB74D6024190237005BA19B /* SceneDelegate.swift in Sources */,
				FA652C1D241A615F0001A3A5 /* MainViewController.swift in Sources */,
				FAA5A8D92482CB1000541F0E /* ML Input + Output.swift in Sources */,
			);
			runOnlyForDeploymentPostprocessing = 0;
		};
/* End PBXSourcesBuildPhase section */

/* Begin PBXVariantGroup section */
		FAB74D6324190237005BA19B /* Main.storyboard */ = {
			isa = PBXVariantGroup;
			children = (
				FAB74D6424190237005BA19B /* Base */,
			);
			name = Main.storyboard;
			sourceTree = "<group>";
		};
		FAB74D682419023A005BA19B /* LaunchScreen.storyboard */ = {
			isa = PBXVariantGroup;
			children = (
				FAB74D692419023A005BA19B /* Base */,
			);
			name = LaunchScreen.storyboard;
			sourceTree = "<group>";
		};
/* End PBXVariantGroup section */

/* Begin XCBuildConfiguration section */
		FAB74D6C2419023A005BA19B /* Debug */ = {
			isa = XCBuildConfiguration;
			buildSettings = {
				ALWAYS_SEARCH_USER_PATHS = NO;
				CLANG_ANALYZER_NONNULL = YES;
				CLANG_ANALYZER_NUMBER_OBJECT_CONVERSION = YES_AGGRESSIVE;
				CLANG_CXX_LANGUAGE_STANDARD = "gnu++14";
				CLANG_CXX_LIBRARY = "libc++";
				CLANG_ENABLE_MODULES = YES;
				CLANG_ENABLE_OBJC_ARC = YES;
				CLANG_ENABLE_OBJC_WEAK = YES;
				CLANG_WARN_BLOCK_CAPTURE_AUTORELEASING = YES;
				CLANG_WARN_BOOL_CONVERSION = YES;
				CLANG_WARN_COMMA = YES;
				CLANG_WARN_CONSTANT_CONVERSION = YES;
				CLANG_WARN_DEPRECATED_OBJC_IMPLEMENTATIONS = YES;
				CLANG_WARN_DIRECT_OBJC_ISA_USAGE = YES_ERROR;
				CLANG_WARN_DOCUMENTATION_COMMENTS = YES;
				CLANG_WARN_EMPTY_BODY = YES;
				CLANG_WARN_ENUM_CONVERSION = YES;
				CLANG_WARN_INFINITE_RECURSION = YES;
				CLANG_WARN_INT_CONVERSION = YES;
				CLANG_WARN_NON_LITERAL_NULL_CONVERSION = YES;
				CLANG_WARN_OBJC_IMPLICIT_RETAIN_SELF = YES;
				CLANG_WARN_OBJC_LITERAL_CONVERSION = YES;
				CLANG_WARN_OBJC_ROOT_CLASS = YES_ERROR;
				CLANG_WARN_RANGE_LOOP_ANALYSIS = YES;
				CLANG_WARN_STRICT_PROTOTYPES = YES;
				CLANG_WARN_SUSPICIOUS_MOVE = YES;
				CLANG_WARN_UNGUARDED_AVAILABILITY = YES_AGGRESSIVE;
				CLANG_WARN_UNREACHABLE_CODE = YES;
				CLANG_WARN__DUPLICATE_METHOD_MATCH = YES;
				COPY_PHASE_STRIP = NO;
				DEBUG_INFORMATION_FORMAT = dwarf;
				ENABLE_STRICT_OBJC_MSGSEND = YES;
				ENABLE_TESTABILITY = YES;
				GCC_C_LANGUAGE_STANDARD = gnu11;
				GCC_DYNAMIC_NO_PIC = NO;
				GCC_NO_COMMON_BLOCKS = YES;
				GCC_OPTIMIZATION_LEVEL = 0;
				GCC_PREPROCESSOR_DEFINITIONS = (
					"DEBUG=1",
					"$(inherited)",
				);
				GCC_WARN_64_TO_32_BIT_CONVERSION = YES;
				GCC_WARN_ABOUT_RETURN_TYPE = YES_ERROR;
				GCC_WARN_UNDECLARED_SELECTOR = YES;
				GCC_WARN_UNINITIALIZED_AUTOS = YES_AGGRESSIVE;
				GCC_WARN_UNUSED_FUNCTION = YES;
				GCC_WARN_UNUSED_VARIABLE = YES;
				IPHONEOS_DEPLOYMENT_TARGET = 13.2;
				MTL_ENABLE_DEBUG_INFO = INCLUDE_SOURCE;
				MTL_FAST_MATH = YES;
				ONLY_ACTIVE_ARCH = YES;
				SDKROOT = iphoneos;
				SWIFT_ACTIVE_COMPILATION_CONDITIONS = DEBUG;
				SWIFT_OPTIMIZATION_LEVEL = "-Onone";
			};
			name = Debug;
		};
		FAB74D6D2419023A005BA19B /* Release */ = {
			isa = XCBuildConfiguration;
			buildSettings = {
				ALWAYS_SEARCH_USER_PATHS = NO;
				CLANG_ANALYZER_NONNULL = YES;
				CLANG_ANALYZER_NUMBER_OBJECT_CONVERSION = YES_AGGRESSIVE;
				CLANG_CXX_LANGUAGE_STANDARD = "gnu++14";
				CLANG_CXX_LIBRARY = "libc++";
				CLANG_ENABLE_MODULES = YES;
				CLANG_ENABLE_OBJC_ARC = YES;
				CLANG_ENABLE_OBJC_WEAK = YES;
				CLANG_WARN_BLOCK_CAPTURE_AUTORELEASING = YES;
				CLANG_WARN_BOOL_CONVERSION = YES;
				CLANG_WARN_COMMA = YES;
				CLANG_WARN_CONSTANT_CONVERSION = YES;
				CLANG_WARN_DEPRECATED_OBJC_IMPLEMENTATIONS = YES;
				CLANG_WARN_DIRECT_OBJC_ISA_USAGE = YES_ERROR;
				CLANG_WARN_DOCUMENTATION_COMMENTS = YES;
				CLANG_WARN_EMPTY_BODY = YES;
				CLANG_WARN_ENUM_CONVERSION = YES;
				CLANG_WARN_INFINITE_RECURSION = YES;
				CLANG_WARN_INT_CONVERSION = YES;
				CLANG_WARN_NON_LITERAL_NULL_CONVERSION = YES;
				CLANG_WARN_OBJC_IMPLICIT_RETAIN_SELF = YES;
				CLANG_WARN_OBJC_LITERAL_CONVERSION = YES;
				CLANG_WARN_OBJC_ROOT_CLASS = YES_ERROR;
				CLANG_WARN_RANGE_LOOP_ANALYSIS = YES;
				CLANG_WARN_STRICT_PROTOTYPES = YES;
				CLANG_WARN_SUSPICIOUS_MOVE = YES;
				CLANG_WARN_UNGUARDED_AVAILABILITY = YES_AGGRESSIVE;
				CLANG_WARN_UNREACHABLE_CODE = YES;
				CLANG_WARN__DUPLICATE_METHOD_MATCH = YES;
				COPY_PHASE_STRIP = NO;
				DEBUG_INFORMATION_FORMAT = "dwarf-with-dsym";
				ENABLE_NS_ASSERTIONS = NO;
				ENABLE_STRICT_OBJC_MSGSEND = YES;
				GCC_C_LANGUAGE_STANDARD = gnu11;
				GCC_NO_COMMON_BLOCKS = YES;
				GCC_WARN_64_TO_32_BIT_CONVERSION = YES;
				GCC_WARN_ABOUT_RETURN_TYPE = YES_ERROR;
				GCC_WARN_UNDECLARED_SELECTOR = YES;
				GCC_WARN_UNINITIALIZED_AUTOS = YES_AGGRESSIVE;
				GCC_WARN_UNUSED_FUNCTION = YES;
				GCC_WARN_UNUSED_VARIABLE = YES;
				IPHONEOS_DEPLOYMENT_TARGET = 13.2;
				MTL_ENABLE_DEBUG_INFO = NO;
				MTL_FAST_MATH = YES;
				SDKROOT = iphoneos;
				SWIFT_COMPILATION_MODE = wholemodule;
				SWIFT_OPTIMIZATION_LEVEL = "-O";
				VALIDATE_PRODUCT = YES;
			};
			name = Release;
		};
		FAB74D6F2419023A005BA19B /* Debug */ = {
			isa = XCBuildConfiguration;
			buildSettings = {
				ASSETCATALOG_COMPILER_APPICON_NAME = AppIcon;
				CODE_SIGN_STYLE = Automatic;
				DEVELOPMENT_TEAM = 6J49XNV2B9;
				INFOPLIST_FILE = OpenEyes/Info.plist;
				LD_RUNPATH_SEARCH_PATHS = (
					"$(inherited)",
					"@executable_path/Frameworks",
				);
				PRODUCT_BUNDLE_IDENTIFIER = Alex.OpenEyes;
				PRODUCT_NAME = "$(TARGET_NAME)";
				SWIFT_VERSION = 5.0;
				TARGETED_DEVICE_FAMILY = "1,2";
			};
			name = Debug;
		};
		FAB74D702419023A005BA19B /* Release */ = {
			isa = XCBuildConfiguration;
			buildSettings = {
				ASSETCATALOG_COMPILER_APPICON_NAME = AppIcon;
				CODE_SIGN_STYLE = Automatic;
				DEVELOPMENT_TEAM = 6J49XNV2B9;
				INFOPLIST_FILE = OpenEyes/Info.plist;
				LD_RUNPATH_SEARCH_PATHS = (
					"$(inherited)",
					"@executable_path/Frameworks",
				);
				PRODUCT_BUNDLE_IDENTIFIER = Alex.OpenEyes;
				PRODUCT_NAME = "$(TARGET_NAME)";
				SWIFT_VERSION = 5.0;
				TARGETED_DEVICE_FAMILY = "1,2";
			};
			name = Release;
		};
/* End XCBuildConfiguration section */

/* Begin XCConfigurationList section */
		FAB74D5524190237005BA19B /* Build configuration list for PBXProject "OpenEyes" */ = {
			isa = XCConfigurationList;
			buildConfigurations = (
				FAB74D6C2419023A005BA19B /* Debug */,
				FAB74D6D2419023A005BA19B /* Release */,
			);
			defaultConfigurationIsVisible = 0;
			defaultConfigurationName = Release;
		};
		FAB74D6E2419023A005BA19B /* Build configuration list for PBXNativeTarget "OpenEyes" */ = {
			isa = XCConfigurationList;
			buildConfigurations = (
				FAB74D6F2419023A005BA19B /* Debug */,
				FAB74D702419023A005BA19B /* Release */,
			);
			defaultConfigurationIsVisible = 0;
			defaultConfigurationName = Release;
		};
/* End XCConfigurationList section */
	};
	rootObject = FAB74D5224190237005BA19B /* Project object */;
}
